
Microsoft Visual Studio Solution File, Format Version 12.00
# Visual Studio 2012
Project("{FAE04EC0-301F-11D3-BF4B-00C04F79EFBC}") = "BookIndex", "BookIndex\BookIndex.csproj", "{54E08003-0F11-489E-9BC5-A11CC2107C94}"
EndProject
Project("{FAE04EC0-301F-11D3-BF4B-00C04F79EFBC}") = "SharedStuff", "SharedStuff\SharedStuff.csproj", "{9FDBFC1A-9EF7-4BD7-806D-984FC52F4F3E}"
EndProject
Project("{FAE04EC0-301F-11D3-BF4B-00C04F79EFBC}") = "SimpleClient", "SimpleClient\SimpleClient.csproj", "{5AF7A76B-4A4D-47E6-856E-39E7C99F3A9B}"
EndProject
Global
	GlobalSection(SolutionConfigurationPlatforms) = preSolution
		Debug|Any CPU = Debug|Any CPU
		Release|Any CPU = Release|Any CPU
	EndGlobalSection
	GlobalSection(ProjectConfigurationPlatforms) = postSolution
		{54E08003-0F11-489E-9BC5-A11CC2107C94}.Debug|Any CPU.ActiveCfg = Debug|Any CPU
		{54E08003-0F11-489E-9BC5-A11CC2107C94}.Debug|Any CPU.Build.0 = Debug|Any CPU
		{54E08003-0F11-489E-9BC5-A11CC2107C94}.Release|Any CPU.ActiveCfg = Release|Any CPU
		{54E08003-0F11-489E-9BC5-A11CC2107C94}.Release|Any CPU.Build.0 = Release|Any CPU
		{9FDBFC1A-9EF7-4BD7-806D-984FC52F4F3E}.Debug|Any CPU.ActiveCfg = Debug|Any CPU
		{9FDBFC1A-9EF7-4BD7-806D-984FC52F4F3E}.Debug|Any CPU.Build.0 = Debug|Any CPU
		{9FDBFC1A-9EF7-4BD7-806D-984FC52F4F3E}.Release|Any CPU.ActiveCfg = Release|Any CPU
		{9FDBFC1A-9EF7-4BD7-806D-984FC52F4F3E}.Release|Any CPU.Build.0 = Release|Any CPU
		{5AF7A76B-4A4D-47E6-856E-39E7C99F3A9B}.Debug|Any CPU.ActiveCfg = Debug|Any CPU
		{5AF7A76B-4A4D-47E6-856E-39E7C99F3A9B}.Debug|Any CPU.Build.0 = Debug|Any CPU
		{5AF7A76B-4A4D-47E6-856E-39E7C99F3A9B}.Release|Any CPU.ActiveCfg = Release|Any CPU
		{5AF7A76B-4A4D-47E6-856E-39E7C99F3A9B}.Release|Any CPU.Build.0 = Release|Any CPU
	EndGlobalSection
	GlobalSection(SolutionProperties) = preSolution
		HideSolutionNode = FALSE
	EndGlobalSection
EndGlobal
